github.com/tinywasm/context v0.0.11 h1:k+IeEPihgORcwp+2n2qygBzfh61fMouFzOEhBwvVIrI=
github.com/tinywasm/context v0.0.11/go.mod h1:xEk6ZfbF3Jx8JnM4UqUJxfM0WM87q8JC3wOA99tccV8=
github.com/tinywasm/fmt v0.18.4 h1:rzc+IPMHXDRXLPY0LrQSQWZW9gQwu6W5ii4pIPSncqI=
github.com/tinywasm/fmt v0.18.4/go.mod h1:L2GCAi6asgytPV6TVvGrRq5Ml+DkUt1Ijo5i/2J1jOY=
